
Microsoft Visual Studio Solution File, Format Version 12.00
Project("{FAE04EC0-301F-11D3-BF4B-00C04F79EFBC}") = "Tarea1EstructuraDatos", "Tarea1EstructuraDatos\Tarea1EstructuraDatos.csproj", "{962BC65C-D129-4F6A-9989-7715C9D4EAE7}"
EndProject
Global
	GlobalSection(SolutionConfigurationPlatforms) = preSolution
		Debug|Any CPU = Debug|Any CPU
		Release|Any CPU = Release|Any CPU
	EndGlobalSection
	GlobalSection(ProjectConfigurationPlatforms) = postSolution
		{962BC65C-D129-4F6A-9989-7715C9D4EAE7}.Debug|Any CPU.ActiveCfg = Debug|Any CPU
		{962BC65C-D129-4F6A-9989-7715C9D4EAE7}.Debug|Any CPU.Build.0 = Debug|Any CPU
		{962BC65C-D129-4F6A-9989-7715C9D4EAE7}.Release|Any CPU.ActiveCfg = Release|Any CPU
		{962BC65C-D129-4F6A-9989-7715C9D4EAE7}.Release|Any CPU.Build.0 = Release|Any CPU
	EndGlobalSection
EndGlobal
